// !$*UTF8*$!
{
	archiveVersion = 1;
	classes = {
	};
	objectVersion = 46;
	objects = {

/* Begin PBXBuildFile section */
		49FBA6461DE0562000CEAA0D /* AppDelegate.swift in Sources */ = {isa = PBXBuildFile; fileRef = 49FBA6451DE0562000CEAA0D /* AppDelegate.swift */; };
		49FBA6481DE0562000CEAA0D /* ViewController.swift in Sources */ = {isa = PBXBuildFile; fileRef = 49FBA6471DE0562000CEAA0D /* ViewController.swift */; };
		49FBA64B1DE0562000CEAA0D /* Main.storyboard in Resources */ = {isa = PBXBuildFile; fileRef = 49FBA6491DE0562000CEAA0D /* Main.storyboard */; };
		49FBA64D1DE0562000CEAA0D /* Assets.xcassets in Resources */ = {isa = PBXBuildFile; fileRef = 49FBA64C1DE0562000CEAA0D /* Assets.xcassets */; };
		49FBA6501DE0562000CEAA0D /* LaunchScreen.storyboard in Resources */ = {isa = PBXBuildFile; fileRef = 49FBA64E1DE0562000CEAA0D /* LaunchScreen.storyboard */; };
/* End PBXBuildFile section */

/* Begin PBXFileReference section */
		49FBA6421DE0562000CEAA0D /* KonferenzManager.app */ = {isa = PBXFileReference; explicitFileType = wrapper.application; includeInIndex = 0; path = KonferenzManager.app; sourceTree = BUILT_PRODUCTS_DIR; };
		49FBA6451DE0562000CEAA0D /* AppDelegate.swift */ = {isa = PBXFileReference; lastKnownFileType = sourcecode.swift; path = AppDelegate.swift; sourceTree = "<group>"; };
		49FBA6471DE0562000CEAA0D /* ViewController.swift */ = {isa = PBXFileReference; lastKnownFileType = sourcecode.swift; path = ViewController.swift; sourceTree = "<group>"; };
		49FBA64A1DE0562000CEAA0D /* Base */ = {isa = PBXFileReference; lastKnownFileType = file.storyboard; name = Base; path = Base.lproj/Main.storyboard; sourceTree = "<group>"; };
		49FBA64C1DE0562000CEAA0D /* Assets.xcassets */ = {isa = PBXFileReference; lastKnownFileType = folder.assetcatalog; path = Assets.xcassets; sourceTree = "<group>"; };
		49FBA64F1DE0562000CEAA0D /* Base */ = {isa = PBXFileReference; lastKnownFileType = file.storyboard; name = Base; path = Base.lproj/LaunchScreen.storyboard; sourceTree = "<group>"; };
		49FBA6511DE0562000CEAA0D /* Info.plist */ = {isa = PBXFileReference; lastKnownFileType = text.plist.xml; path = Info.plist; sourceTree = "<group>"; };
/* End PBXFileReference section */

/* Begin PBXFrameworksBuildPhase section */
		49FBA63F1DE0562000CEAA0D /* Frameworks */ = {
			isa = PBXFrameworksBuildPhase;
			buildActionMask = 2147483647;
			files = (
			);
			runOnlyForDeploymentPostprocessing = 0;
		};
/* End PBXFrameworksBuildPhase section */

/* Begin PBXGroup section */
		49FBA6391DE0562000CEAA0D = {
			isa = PBXGroup;
			children = (
				49FBA6441DE0562000CEAA0D /* KonferenzManager */,
				49FBA6431DE0562000CEAA0D /* Products */,
			);
			sourceTree = "<group>";
		};
		49FBA6431DE0562000CEAA0D /* Products */ = {
			isa = PBXGroup;
			children = (
				49FBA6421DE0562000CEAA0D /* KonferenzManager.app */,
			);
			name = Products;
			sourceTree = "<group>";
		};
		49FBA6441DE0562000CEAA0D /* KonferenzManager */ = {
			isa = PBXGroup;
			children = (
				49FBA6451DE0562000CEAA0D /* AppDelegate.swift */,
				49FBA6471DE0562000CEAA0D /* ViewController.swift */,
				49FBA6491DE0562000CEAA0D /* Main.storyboard */,
				49FBA64C1DE0562000CEAA0D /* Assets.xcassets */,
				49FBA64E1DE0562000CEAA0D /* LaunchScreen.storyboard */,
				49FBA6511DE0562000CEAA0D /* Info.plist */,
			);
			path = KonferenzManager;
			sourceTree = "<group>";
		};
/* End PBXGroup section */

/* Begin PBXNativeTarget section */
		49FBA6411DE0562000CEAA0D /* KonferenzManager */ = {
			isa = PBXNativeTarget;
			buildConfigurationList = 49FBA6541DE0562000CEAA0D /* Build configuration list for PBXNativeTarget "KonferenzManager" */;
			buildPhases = (
				49FBA63E1DE0562000CEAA0D /* Sources */,
				49FBA63F1DE0562000CEAA0D /* Frameworks */,
				49FBA6401DE0562000CEAA0D /* Resources */,
			);
			buildRules = (
			);
			dependencies = (
			);
			name = KonferenzManager;
			productName = KonferenzManager;
			productReference = 49FBA6421DE0562000CEAA0D /* KonferenzManager.app */;
			productType = "com.apple.product-type.application";
		};
/* End PBXNativeTarget section */

/* Begin PBXProject section */
		49FBA63A1DE0562000CEAA0D /* Project object */ = {
			isa = PBXProject;
			attributes = {
				LastSwiftUpdateCheck = 0810;
				LastUpgradeCheck = 0810;
				ORGANIZATIONNAME = LMG;
				TargetAttributes = {
					49FBA6411DE0562000CEAA0D = {
						CreatedOnToolsVersion = 8.1;
						DevelopmentTeam = WCM2L8RG39;
						ProvisioningStyle = Automatic;
					};
				};
			};
			buildConfigurationList = 49FBA63D1DE0562000CEAA0D /* Build configuration list for PBXProject "KonferenzManager" */;
			compatibilityVersion = "Xcode 3.2";
			developmentRegion = English;
			hasScannedForEncodings = 0;
			knownRegions = (
				en,
				Base,
			);
			mainGroup = 49FBA6391DE0562000CEAA0D;
			productRefGroup = 49FBA6431DE0562000CEAA0D /* Products */;
			projectDirPath = "";
			projectRoot = "";
			targets = (
				49FBA6411DE0562000CEAA0D /* KonferenzManager */,
			);
		};
/* End PBXProject section */

/* Begin PBXResourcesBuildPhase section */
		49FBA6401DE0562000CEAA0D /* Resources */ = {
			isa = PBXResourcesBuildPhase;
			buildActionMask = 2147483647;
			files = (
				49FBA6501DE0562000CEAA0D /* LaunchScreen.storyboard in Resources */,
				49FBA64D1DE0562000CEAA0D /* Assets.xcassets in Resources */,
				49FBA64B1DE0562000CEAA0D /* Main.storyboard in Resources */,
			);
			runOnlyForDeploymentPostprocessing = 0;
		};
/* End PBXResourcesBuildPhase section */

/* Begin PBXSourcesBuildPhase section */
		49FBA63E1DE0562000CEAA0D /* Sources */ = {
			isa = PBXSourcesBuildPhase;
			buildActionMask = 2147483647;
			files = (
				49FBA6481DE0562000CEAA0D /* ViewController.swift in Sources */,
				49FBA6461DE0562000CEAA0D /* AppDelegate.swift in Sources */,
			);
			runOnlyForDeploymentPostprocessing = 0;
		};
/* End PBXSourcesBuildPhase section */

/* Begin PBXVariantGroup section */
		49FBA6491DE0562000CEAA0D /* Main.storyboard */ = {
			isa = PBXVariantGroup;
			children = (
				49FBA64A1DE0562000CEAA0D /* Base */,
			);
			name = Main.storyboard;
			sourceTree = "<group>";
		};
		49FBA64E1DE0562000CEAA0D /* LaunchScreen.storyboard */ = {
			isa = PBXVariantGroup;
			children = (
				49FBA64F1DE0562000CEAA0D /* Base */,
			);
			name = LaunchScreen.storyboard;
			sourceTree = "<group>";
		};
/* End PBXVariantGroup section */

/* Begin XCBuildConfiguration section */
		49FBA6521DE0562000CEAA0D /* Debug */ = {
			isa = XCBuildConfiguration;
			buildSettings = {
				ALWAYS_SEARCH_USER_PATHS = NO;
				CLANG_ANALYZER_NONNULL = YES;
				CLANG_CXX_LANGUAGE_STANDARD = "gnu++0x";
				CLANG_CXX_LIBRARY = "libc++";
				CLANG_ENABLE_MODULES = YES;
				CLANG_ENABLE_OBJC_ARC = YES;
				CLANG_WARN_BOOL_CONVERSION = YES;
				CLANG_WARN_CONSTANT_CONVERSION = YES;
				CLANG_WARN_DIRECT_OBJC_ISA_USAGE = YES_ERROR;
				CLANG_WARN_DOCUMENTATION_COMMENTS = YES;
				CLANG_WARN_EMPTY_BODY = YES;
				CLANG_WARN_ENUM_CONVERSION = YES;
				CLANG_WARN_INFINITE_RECURSION = YES;
				CLANG_WARN_INT_CONVERSION = YES;
				CLANG_WARN_OBJC_ROOT_CLASS = YES_ERROR;
				CLANG_WARN_SUSPICIOUS_MOVES = YES;
				CLANG_WARN_UNREACHABLE_CODE = YES;
				CLANG_WARN__DUPLICATE_METHOD_MATCH = YES;
				"CODE_SIGN_IDENTITY[sdk=iphoneos*]" = "iPhone Developer";
				COPY_PHASE_STRIP = NO;
				DEBUG_INFORMATION_FORMAT = dwarf;
				ENABLE_STRICT_OBJC_MSGSEND = YES;
				ENABLE_TESTABILITY = YES;
				GCC_C_LANGUAGE_STANDARD = gnu99;
				GCC_DYNAMIC_NO_PIC = NO;
				GCC_NO_COMMON_BLOCKS = YES;
				GCC_OPTIMIZATION_LEVEL = 0;
				GCC_PREPROCESSOR_DEFINITIONS = (
					"DEBUG=1",
					"$(inherited)",
				);
				GCC_WARN_64_TO_32_BIT_CONVERSION = YES;
				GCC_WARN_ABOUT_RETURN_TYPE = YES_ERROR;
				GCC_WARN_UNDECLARED_SELECTOR = YES;
				GCC_WARN_UNINITIALIZED_AUTOS = YES_AGGRESSIVE;
				GCC_WARN_UNUSED_FUNCTION = YES;
				GCC_WARN_UNUSED_VARIABLE = YES;
				IPHONEOS_DEPLOYMENT_TARGET = 10.1;
				MTL_ENABLE_DEBUG_INFO = YES;
				ONLY_ACTIVE_ARCH = YES;
				SDKROOT = iphoneos;
				SWIFT_ACTIVE_COMPILATION_CONDITIONS = DEBUG;
				SWIFT_OPTIMIZATION_LEVEL = "-Onone";
				TARGETED_DEVICE_FAMILY = "1,2";
			};
			name = Debug;
		};
		49FBA6531DE0562000CEAA0D /* Release */ = {
			isa = XCBuildConfiguration;
			buildSettings = {
				ALWAYS_SEARCH_USER_PATHS = NO;
				CLANG_ANALYZER_NONNULL = YES;
				CLANG_CXX_LANGUAGE_STANDARD = "gnu++0x";
				CLANG_CXX_LIBRARY = "libc++";
				CLANG_ENABLE_MODULES = YES;
				CLANG_ENABLE_OBJC_ARC = YES;
				CLANG_WARN_BOOL_CONVERSION = YES;
				CLANG_WARN_CONSTANT_CONVERSION = YES;
				CLANG_WARN_DIRECT_OBJC_ISA_USAGE = YES_ERROR;
				CLANG_WARN_DOCUMENTATION_COMMENTS = YES;
				CLANG_WARN_EMPTY_BODY = YES;
				CLANG_WARN_ENUM_CONVERSION = YES;
				CLANG_WARN_INFINITE_RECURSION = YES;
				CLANG_WARN_INT_CONVERSION = YES;
				CLANG_WARN_OBJC_ROOT_CLASS = YES_ERROR;
				CLANG_WARN_SUSPICIOUS_MOVES = YES;
				CLANG_WARN_UNREACHABLE_CODE = YES;
				CLANG_WARN__DUPLICATE_METHOD_MATCH = YES;
				"CODE_SIGN_IDENTITY[sdk=iphoneos*]" = "iPhone Developer";
				COPY_PHASE_STRIP = NO;
				DEBUG_INFORMATION_FORMAT = "dwarf-with-dsym";
				ENABLE_NS_ASSERTIONS = NO;
				ENABLE_STRICT_OBJC_MSGSEND = YES;
				GCC_C_LANGUAGE_STANDARD = gnu99;
				GCC_NO_COMMON_BLOCKS = YES;
				GCC_WARN_64_TO_32_BIT_CONVERSION = YES;
				GCC_WARN_ABOUT_RETURN_TYPE = YES_ERROR;
				GCC_WARN_UNDECLARED_SELECTOR = YES;
				GCC_WARN_UNINITIALIZED_AUTOS = YES_AGGRESSIVE;
				GCC_WARN_UNUSED_FUNCTION = YES;
				GCC_WARN_UNUSED_VARIABLE = YES;
				IPHONEOS_DEPLOYMENT_TARGET = 10.1;
				MTL_ENABLE_DEBUG_INFO = NO;
				SDKROOT = iphoneos;
				SWIFT_OPTIMIZATION_LEVEL = "-Owholemodule";
				TARGETED_DEVICE_FAMILY = "1,2";
				VALIDATE_PRODUCT = YES;
			};
			name = Release;
		};
		49FBA6551DE0562000CEAA0D /* Debug */ = {
			isa = XCBuildConfiguration;
			buildSettings = {
				ASSETCATALOG_COMPILER_APPICON_NAME = AppIcon;
				DEVELOPMENT_TEAM = WCM2L8RG39;
				INFOPLIST_FILE = KonferenzManager/Info.plist;
				LD_RUNPATH_SEARCH_PATHS = "$(inherited) @executable_path/Frameworks";
				PRODUCT_BUNDLE_IDENTIFIER = com.liss.biz.KonferenzManager;
				PRODUCT_NAME = "$(TARGET_NAME)";
				SWIFT_VERSION = 3.0;
			};
			name = Debug;
		};
		49FBA6561DE0562000CEAA0D /* Release */ = {
			isa = XCBuildConfiguration;
			buildSettings = {
				ASSETCATALOG_COMPILER_APPICON_NAME = AppIcon;
				DEVELOPMENT_TEAM = WCM2L8RG39;
				INFOPLIST_FILE = KonferenzManager/Info.plist;
				LD_RUNPATH_SEARCH_PATHS = "$(inherited) @executable_path/Frameworks";
				PRODUCT_BUNDLE_IDENTIFIER = com.liss.biz.KonferenzManager;
				PRODUCT_NAME = "$(TARGET_NAME)";
				SWIFT_VERSION = 3.0;
			};
			name = Release;
		};
/* End XCBuildConfiguration section */

/* Begin XCConfigurationList section */
		49FBA63D1DE0562000CEAA0D /* Build configuration list for PBXProject "KonferenzManager" */ = {
			isa = XCConfigurationList;
			buildConfigurations = (
				49FBA6521DE0562000CEAA0D /* Debug */,
				49FBA6531DE0562000CEAA0D /* Release */,
			);
			defaultConfigurationIsVisible = 0;
			defaultConfigurationName = Release;
		};
		49FBA6541DE0562000CEAA0D /* Build configuration list for PBXNativeTarget "KonferenzManager" */ = {
			isa = XCConfigurationList;
			buildConfigurations = (
				49FBA6551DE0562000CEAA0D /* Debug */,
				49FBA6561DE0562000CEAA0D /* Release */,
			);
			defaultConfigurationIsVisible = 0;
		};
/* End XCConfigurationList section */
	};
	rootObject = 49FBA63A1DE0562000CEAA0D /* Project object */;
}
